{
  "requires": true,
  "lockfileVersion": 1,
  "dependencies": {
    "monaco-editor": {
      "version": "0.16.1",
      "resolved": "https://registry.npmjs.org/monaco-editor/-/monaco-editor-0.16.1.tgz",
      "integrity": "sha512-1X7BbmZQBHHuqRh+zAi2nmiPJX9DmZVALu6LlBCdj0YdO5jyQGq6/DseN5Q/27EagWnY7VPp7HESi1u58x92oA=="
    }
  }
}
